
Microsoft Visual Studio Solution File, Format Version 12.00
# Visual Studio 2012
Project("{FAE04EC0-301F-11D3-BF4B-00C04F79EFBC}") = "OpenThrone.Web", "source\OpenThrone.Web\OpenThrone.Web.csproj", "{B171785D-741D-4C13-AD8C-14842A6B0819}"
EndProject
Global
	GlobalSection(SolutionConfigurationPlatforms) = preSolution
		Debug|Any CPU = Debug|Any CPU
		Release|Any CPU = Release|Any CPU
	EndGlobalSection
	GlobalSection(ProjectConfigurationPlatforms) = postSolution
		{B171785D-741D-4C13-AD8C-14842A6B0819}.Debug|Any CPU.ActiveCfg = Debug|Any CPU
		{B171785D-741D-4C13-AD8C-14842A6B0819}.Debug|Any CPU.Build.0 = Debug|Any CPU
		{B171785D-741D-4C13-AD8C-14842A6B0819}.Release|Any CPU.ActiveCfg = Release|Any CPU
		{B171785D-741D-4C13-AD8C-14842A6B0819}.Release|Any CPU.Build.0 = Release|Any CPU
	EndGlobalSection
	GlobalSection(SolutionProperties) = preSolution
		HideSolutionNode = FALSE
	EndGlobalSection
EndGlobal
